
Microsoft Visual Studio Solution File, Format Version 12.00
# Visual Studio Version 17
VisualStudioVersion = 17.4.33110.190
MinimumVisualStudioVersion = 10.0.40219.1
Project("{9A19103F-16F7-4668-BE54-9A1E7A4F7556}") = "Media", "Media.csproj", "{47FEF2AE-180B-48CA-A94D-E7D086B7E036}"
	ProjectSection(ProjectDependencies) = postProject
		{F07D597F-737E-49E9-9F23-86C93B5AAE27} = {F07D597F-737E-49E9-9F23-86C93B5AAE27}
	EndProjectSection
EndProject
Project("{9A19103F-16F7-4668-BE54-9A1E7A4F7556}") = "AccesoDatos", "..\AccesoDatos\AccesoDatos.csproj", "{C2B9DE11-0732-4526-8AF0-EF5A30FAF6DE}"
	ProjectSection(ProjectDependencies) = postProject
		{F07D597F-737E-49E9-9F23-86C93B5AAE27} = {F07D597F-737E-49E9-9F23-86C93B5AAE27}
	EndProjectSection
EndProject
Project("{9A19103F-16F7-4668-BE54-9A1E7A4F7556}") = "Entidades", "..\Entidades\Entidades.csproj", "{F07D597F-737E-49E9-9F23-86C93B5AAE27}"
EndProject
Global
	GlobalSection(SolutionConfigurationPlatforms) = preSolution
		Debug|Any CPU = Debug|Any CPU
		Release|Any CPU = Release|Any CPU
	EndGlobalSection
	GlobalSection(ProjectConfigurationPlatforms) = postSolution
		{47FEF2AE-180B-48CA-A94D-E7D086B7E036}.Debug|Any CPU.ActiveCfg = Debug|Any CPU
		{47FEF2AE-180B-48CA-A94D-E7D086B7E036}.Debug|Any CPU.Build.0 = Debug|Any CPU
		{47FEF2AE-180B-48CA-A94D-E7D086B7E036}.Release|Any CPU.ActiveCfg = Release|Any CPU
		{47FEF2AE-180B-48CA-A94D-E7D086B7E036}.Release|Any CPU.Build.0 = Release|Any CPU
		{C2B9DE11-0732-4526-8AF0-EF5A30FAF6DE}.Debug|Any CPU.ActiveCfg = Debug|Any CPU
		{C2B9DE11-0732-4526-8AF0-EF5A30FAF6DE}.Debug|Any CPU.Build.0 = Debug|Any CPU
		{C2B9DE11-0732-4526-8AF0-EF5A30FAF6DE}.Release|Any CPU.ActiveCfg = Release|Any CPU
		{C2B9DE11-0732-4526-8AF0-EF5A30FAF6DE}.Release|Any CPU.Build.0 = Release|Any CPU
		{F07D597F-737E-49E9-9F23-86C93B5AAE27}.Debug|Any CPU.ActiveCfg = Debug|Any CPU
		{F07D597F-737E-49E9-9F23-86C93B5AAE27}.Debug|Any CPU.Build.0 = Debug|Any CPU
		{F07D597F-737E-49E9-9F23-86C93B5AAE27}.Release|Any CPU.ActiveCfg = Release|Any CPU
		{F07D597F-737E-49E9-9F23-86C93B5AAE27}.Release|Any CPU.Build.0 = Release|Any CPU
	EndGlobalSection
	GlobalSection(SolutionProperties) = preSolution
		HideSolutionNode = FALSE
	EndGlobalSection
	GlobalSection(ExtensibilityGlobals) = postSolution
		SolutionGuid = {B8630707-0417-4835-B58A-1E7BEFE4F2CC}
	EndGlobalSection
EndGlobal
